
Microsoft Visual Studio Solution File, Format Version 12.00
# Visual Studio Version 17
VisualStudioVersion = 17.14.36212.18
MinimumVisualStudioVersion = 10.0.40219.1
Project("{FAE04EC0-301F-11D3-BF4B-00C04F79EFBC}") = "SancionadosSAGB2025.Server", "SancionadosSAGB2025\Server\SancionadosSAGB2025.Server.csproj", "{453BF9CC-D275-4245-932C-E74F6BD69C83}"
EndProject
Project("{FAE04EC0-301F-11D3-BF4B-00C04F79EFBC}") = "SancionadosSAGB2025.Client", "SancionadosSAGB2025\Client\SancionadosSAGB2025.Client.csproj", "{9E200C07-0AC5-4042-B0E6-4633DD2AD5C6}"
EndProject
Project("{FAE04EC0-301F-11D3-BF4B-00C04F79EFBC}") = "SancionadosSAGB2025.Shared", "SancionadosSAGB2025\Shared\SancionadosSAGB2025.Shared.csproj", "{7ABB7A69-8830-443B-A215-7A1BFC6F08D6}"
EndProject
Global
	GlobalSection(SolutionConfigurationPlatforms) = preSolution
		Debug|Any CPU = Debug|Any CPU
		Release|Any CPU = Release|Any CPU
	EndGlobalSection
	GlobalSection(ProjectConfigurationPlatforms) = postSolution
		{453BF9CC-D275-4245-932C-E74F6BD69C83}.Debug|Any CPU.ActiveCfg = Debug|Any CPU
		{453BF9CC-D275-4245-932C-E74F6BD69C83}.Debug|Any CPU.Build.0 = Debug|Any CPU
		{453BF9CC-D275-4245-932C-E74F6BD69C83}.Release|Any CPU.ActiveCfg = Release|Any CPU
		{453BF9CC-D275-4245-932C-E74F6BD69C83}.Release|Any CPU.Build.0 = Release|Any CPU
		{9E200C07-0AC5-4042-B0E6-4633DD2AD5C6}.Debug|Any CPU.ActiveCfg = Debug|Any CPU
		{9E200C07-0AC5-4042-B0E6-4633DD2AD5C6}.Debug|Any CPU.Build.0 = Debug|Any CPU
		{9E200C07-0AC5-4042-B0E6-4633DD2AD5C6}.Release|Any CPU.ActiveCfg = Release|Any CPU
		{9E200C07-0AC5-4042-B0E6-4633DD2AD5C6}.Release|Any CPU.Build.0 = Release|Any CPU
		{7ABB7A69-8830-443B-A215-7A1BFC6F08D6}.Debug|Any CPU.ActiveCfg = Debug|Any CPU
		{7ABB7A69-8830-443B-A215-7A1BFC6F08D6}.Debug|Any CPU.Build.0 = Debug|Any CPU
		{7ABB7A69-8830-443B-A215-7A1BFC6F08D6}.Release|Any CPU.ActiveCfg = Release|Any CPU
		{7ABB7A69-8830-443B-A215-7A1BFC6F08D6}.Release|Any CPU.Build.0 = Release|Any CPU
	EndGlobalSection
	GlobalSection(SolutionProperties) = preSolution
		HideSolutionNode = FALSE
	EndGlobalSection
	GlobalSection(ExtensibilityGlobals) = postSolution
		SolutionGuid = {4271243B-F27C-4A72-87DA-22AED6F19FDE}
	EndGlobalSection
EndGlobal
